// !$*UTF8*$!
{
	archiveVersion = 1;
	classes = {
	};
	objectVersion = 50;
	objects = {

/* Begin PBXBuildFile section */
		891016062330A2B4003C7734 /* AppDelegate.swift in Sources */ = {isa = PBXBuildFile; fileRef = 891016052330A2B4003C7734 /* AppDelegate.swift */; };
		891016082330A2B4003C7734 /* ViewController.swift in Sources */ = {isa = PBXBuildFile; fileRef = 891016072330A2B4003C7734 /* ViewController.swift */; };
		8910160B2330A2B4003C7734 /* Main.storyboard in Resources */ = {isa = PBXBuildFile; fileRef = 891016092330A2B4003C7734 /* Main.storyboard */; };
		8910160D2330A2B5003C7734 /* Assets.xcassets in Resources */ = {isa = PBXBuildFile; fileRef = 8910160C2330A2B5003C7734 /* Assets.xcassets */; };
		891016102330A2B5003C7734 /* LaunchScreen.storyboard in Resources */ = {isa = PBXBuildFile; fileRef = 8910160E2330A2B5003C7734 /* LaunchScreen.storyboard */; };
		891016192330AAC9003C7734 /* NetworkWrapper.swift in Sources */ = {isa = PBXBuildFile; fileRef = 891016182330AAC9003C7734 /* NetworkWrapper.swift */; };
		8910161F2330B7A9003C7734 /* YoutubeModel.swift in Sources */ = {isa = PBXBuildFile; fileRef = 8910161E2330B7A9003C7734 /* YoutubeModel.swift */; };
		891016212330BD9C003C7734 /* YoutubeViewModel.swift in Sources */ = {isa = PBXBuildFile; fileRef = 891016202330BD9C003C7734 /* YoutubeViewModel.swift */; };
/* End PBXBuildFile section */

/* Begin PBXFileReference section */
		891016022330A2B4003C7734 /* reactiveJSON.app */ = {isa = PBXFileReference; explicitFileType = wrapper.application; includeInIndex = 0; path = reactiveJSON.app; sourceTree = BUILT_PRODUCTS_DIR; };
		891016052330A2B4003C7734 /* AppDelegate.swift */ = {isa = PBXFileReference; lastKnownFileType = sourcecode.swift; path = AppDelegate.swift; sourceTree = "<group>"; };
		891016072330A2B4003C7734 /* ViewController.swift */ = {isa = PBXFileReference; lastKnownFileType = sourcecode.swift; path = ViewController.swift; sourceTree = "<group>"; };
		8910160A2330A2B4003C7734 /* Base */ = {isa = PBXFileReference; lastKnownFileType = file.storyboard; name = Base; path = Base.lproj/Main.storyboard; sourceTree = "<group>"; };
		8910160C2330A2B5003C7734 /* Assets.xcassets */ = {isa = PBXFileReference; lastKnownFileType = folder.assetcatalog; path = Assets.xcassets; sourceTree = "<group>"; };
		8910160F2330A2B5003C7734 /* Base */ = {isa = PBXFileReference; lastKnownFileType = file.storyboard; name = Base; path = Base.lproj/LaunchScreen.storyboard; sourceTree = "<group>"; };
		891016112330A2B5003C7734 /* Info.plist */ = {isa = PBXFileReference; lastKnownFileType = text.plist.xml; path = Info.plist; sourceTree = "<group>"; };
		891016182330AAC9003C7734 /* NetworkWrapper.swift */ = {isa = PBXFileReference; lastKnownFileType = sourcecode.swift; path = NetworkWrapper.swift; sourceTree = "<group>"; };
		8910161E2330B7A9003C7734 /* YoutubeModel.swift */ = {isa = PBXFileReference; lastKnownFileType = sourcecode.swift; path = YoutubeModel.swift; sourceTree = "<group>"; };
		891016202330BD9C003C7734 /* YoutubeViewModel.swift */ = {isa = PBXFileReference; lastKnownFileType = sourcecode.swift; path = YoutubeViewModel.swift; sourceTree = "<group>"; };
/* End PBXFileReference section */

/* Begin PBXFrameworksBuildPhase section */
		891015FF2330A2B4003C7734 /* Frameworks */ = {
			isa = PBXFrameworksBuildPhase;
			buildActionMask = 2147483647;
			files = (
			);
			runOnlyForDeploymentPostprocessing = 0;
		};
/* End PBXFrameworksBuildPhase section */

/* Begin PBXGroup section */
		891015F92330A2B4003C7734 = {
			isa = PBXGroup;
			children = (
				891016042330A2B4003C7734 /* reactiveJSON */,
				891016032330A2B4003C7734 /* Products */,
			);
			sourceTree = "<group>";
		};
		891016032330A2B4003C7734 /* Products */ = {
			isa = PBXGroup;
			children = (
				891016022330A2B4003C7734 /* reactiveJSON.app */,
			);
			name = Products;
			sourceTree = "<group>";
		};
		891016042330A2B4003C7734 /* reactiveJSON */ = {
			isa = PBXGroup;
			children = (
				891016172330AAA2003C7734 /* Common */,
				8910161A2330B523003C7734 /* Youtube */,
				891016052330A2B4003C7734 /* AppDelegate.swift */,
				891016092330A2B4003C7734 /* Main.storyboard */,
				8910160C2330A2B5003C7734 /* Assets.xcassets */,
				8910160E2330A2B5003C7734 /* LaunchScreen.storyboard */,
				891016112330A2B5003C7734 /* Info.plist */,
			);
			path = reactiveJSON;
			sourceTree = "<group>";
		};
		891016172330AAA2003C7734 /* Common */ = {
			isa = PBXGroup;
			children = (
				891016182330AAC9003C7734 /* NetworkWrapper.swift */,
			);
			path = Common;
			sourceTree = "<group>";
		};
		8910161A2330B523003C7734 /* Youtube */ = {
			isa = PBXGroup;
			children = (
				8910161D2330B572003C7734 /* View */,
				8910161B2330B53B003C7734 /* Model */,
				8910161C2330B542003C7734 /* View Model */,
			);
			path = Youtube;
			sourceTree = "<group>";
		};
		8910161B2330B53B003C7734 /* Model */ = {
			isa = PBXGroup;
			children = (
				8910161E2330B7A9003C7734 /* YoutubeModel.swift */,
			);
			path = Model;
			sourceTree = "<group>";
		};
		8910161C2330B542003C7734 /* View Model */ = {
			isa = PBXGroup;
			children = (
				891016202330BD9C003C7734 /* YoutubeViewModel.swift */,
			);
			path = "View Model";
			sourceTree = "<group>";
		};
		8910161D2330B572003C7734 /* View */ = {
			isa = PBXGroup;
			children = (
				891016072330A2B4003C7734 /* ViewController.swift */,
			);
			path = View;
			sourceTree = "<group>";
		};
/* End PBXGroup section */

/* Begin PBXNativeTarget section */
		891016012330A2B4003C7734 /* reactiveJSON */ = {
			isa = PBXNativeTarget;
			buildConfigurationList = 891016142330A2B5003C7734 /* Build configuration list for PBXNativeTarget "reactiveJSON" */;
			buildPhases = (
				891015FE2330A2B4003C7734 /* Sources */,
				891015FF2330A2B4003C7734 /* Frameworks */,
				891016002330A2B4003C7734 /* Resources */,
			);
			buildRules = (
			);
			dependencies = (
			);
			name = reactiveJSON;
			productName = reactiveJSON;
			productReference = 891016022330A2B4003C7734 /* reactiveJSON.app */;
			productType = "com.apple.product-type.application";
		};
/* End PBXNativeTarget section */

/* Begin PBXProject section */
		891015FA2330A2B4003C7734 /* Project object */ = {
			isa = PBXProject;
			attributes = {
				LastSwiftUpdateCheck = 1030;
				LastUpgradeCheck = 1030;
				ORGANIZATIONNAME = MyGlamm;
				TargetAttributes = {
					891016012330A2B4003C7734 = {
						CreatedOnToolsVersion = 10.3;
					};
				};
			};
			buildConfigurationList = 891015FD2330A2B4003C7734 /* Build configuration list for PBXProject "reactiveJSON" */;
			compatibilityVersion = "Xcode 9.3";
			developmentRegion = en;
			hasScannedForEncodings = 0;
			knownRegions = (
				en,
				Base,
			);
			mainGroup = 891015F92330A2B4003C7734;
			productRefGroup = 891016032330A2B4003C7734 /* Products */;
			projectDirPath = "";
			projectRoot = "";
			targets = (
				891016012330A2B4003C7734 /* reactiveJSON */,
			);
		};
/* End PBXProject section */

/* Begin PBXResourcesBuildPhase section */
		891016002330A2B4003C7734 /* Resources */ = {
			isa = PBXResourcesBuildPhase;
			buildActionMask = 2147483647;
			files = (
				891016102330A2B5003C7734 /* LaunchScreen.storyboard in Resources */,
				8910160D2330A2B5003C7734 /* Assets.xcassets in Resources */,
				8910160B2330A2B4003C7734 /* Main.storyboard in Resources */,
			);
			runOnlyForDeploymentPostprocessing = 0;
		};
/* End PBXResourcesBuildPhase section */

/* Begin PBXSourcesBuildPhase section */
		891015FE2330A2B4003C7734 /* Sources */ = {
			isa = PBXSourcesBuildPhase;
			buildActionMask = 2147483647;
			files = (
				891016082330A2B4003C7734 /* ViewController.swift in Sources */,
				891016212330BD9C003C7734 /* YoutubeViewModel.swift in Sources */,
				891016192330AAC9003C7734 /* NetworkWrapper.swift in Sources */,
				891016062330A2B4003C7734 /* AppDelegate.swift in Sources */,
				8910161F2330B7A9003C7734 /* YoutubeModel.swift in Sources */,
			);
			runOnlyForDeploymentPostprocessing = 0;
		};
/* End PBXSourcesBuildPhase section */

/* Begin PBXVariantGroup section */
		891016092330A2B4003C7734 /* Main.storyboard */ = {
			isa = PBXVariantGroup;
			children = (
				8910160A2330A2B4003C7734 /* Base */,
			);
			name = Main.storyboard;
			sourceTree = "<group>";
		};
		8910160E2330A2B5003C7734 /* LaunchScreen.storyboard */ = {
			isa = PBXVariantGroup;
			children = (
				8910160F2330A2B5003C7734 /* Base */,
			);
			name = LaunchScreen.storyboard;
			sourceTree = "<group>";
		};
/* End PBXVariantGroup section */

/* Begin XCBuildConfiguration section */
		891016122330A2B5003C7734 /* Debug */ = {
			isa = XCBuildConfiguration;
			buildSettings = {
				ALWAYS_SEARCH_USER_PATHS = NO;
				CLANG_ANALYZER_NONNULL = YES;
				CLANG_ANALYZER_NUMBER_OBJECT_CONVERSION = YES_AGGRESSIVE;
				CLANG_CXX_LANGUAGE_STANDARD = "gnu++14";
				CLANG_CXX_LIBRARY = "libc++";
				CLANG_ENABLE_MODULES = YES;
				CLANG_ENABLE_OBJC_ARC = YES;
				CLANG_ENABLE_OBJC_WEAK = YES;
				CLANG_WARN_BLOCK_CAPTURE_AUTORELEASING = YES;
				CLANG_WARN_BOOL_CONVERSION = YES;
				CLANG_WARN_COMMA = YES;
				CLANG_WARN_CONSTANT_CONVERSION = YES;
				CLANG_WARN_DEPRECATED_OBJC_IMPLEMENTATIONS = YES;
				CLANG_WARN_DIRECT_OBJC_ISA_USAGE = YES_ERROR;
				CLANG_WARN_DOCUMENTATION_COMMENTS = YES;
				CLANG_WARN_EMPTY_BODY = YES;
				CLANG_WARN_ENUM_CONVERSION = YES;
				CLANG_WARN_INFINITE_RECURSION = YES;
				CLANG_WARN_INT_CONVERSION = YES;
				CLANG_WARN_NON_LITERAL_NULL_CONVERSION = YES;
				CLANG_WARN_OBJC_IMPLICIT_RETAIN_SELF = YES;
				CLANG_WARN_OBJC_LITERAL_CONVERSION = YES;
				CLANG_WARN_OBJC_ROOT_CLASS = YES_ERROR;
				CLANG_WARN_RANGE_LOOP_ANALYSIS = YES;
				CLANG_WARN_STRICT_PROTOTYPES = YES;
				CLANG_WARN_SUSPICIOUS_MOVE = YES;
				CLANG_WARN_UNGUARDED_AVAILABILITY = YES_AGGRESSIVE;
				CLANG_WARN_UNREACHABLE_CODE = YES;
				CLANG_WARN__DUPLICATE_METHOD_MATCH = YES;
				CODE_SIGN_IDENTITY = "iPhone Developer";
				COPY_PHASE_STRIP = NO;
				DEBUG_INFORMATION_FORMAT = dwarf;
				ENABLE_STRICT_OBJC_MSGSEND = YES;
				ENABLE_TESTABILITY = YES;
				GCC_C_LANGUAGE_STANDARD = gnu11;
				GCC_DYNAMIC_NO_PIC = NO;
				GCC_NO_COMMON_BLOCKS = YES;
				GCC_OPTIMIZATION_LEVEL = 0;
				GCC_PREPROCESSOR_DEFINITIONS = (
					"DEBUG=1",
					"$(inherited)",
				);
				GCC_WARN_64_TO_32_BIT_CONVERSION = YES;
				GCC_WARN_ABOUT_RETURN_TYPE = YES_ERROR;
				GCC_WARN_UNDECLARED_SELECTOR = YES;
				GCC_WARN_UNINITIALIZED_AUTOS = YES_AGGRESSIVE;
				GCC_WARN_UNUSED_FUNCTION = YES;
				GCC_WARN_UNUSED_VARIABLE = YES;
				IPHONEOS_DEPLOYMENT_TARGET = 12.4;
				MTL_ENABLE_DEBUG_INFO = INCLUDE_SOURCE;
				MTL_FAST_MATH = YES;
				ONLY_ACTIVE_ARCH = YES;
				SDKROOT = iphoneos;
				SWIFT_ACTIVE_COMPILATION_CONDITIONS = DEBUG;
				SWIFT_OPTIMIZATION_LEVEL = "-Onone";
			};
			name = Debug;
		};
		891016132330A2B5003C7734 /* Release */ = {
			isa = XCBuildConfiguration;
			buildSettings = {
				ALWAYS_SEARCH_USER_PATHS = NO;
				CLANG_ANALYZER_NONNULL = YES;
				CLANG_ANALYZER_NUMBER_OBJECT_CONVERSION = YES_AGGRESSIVE;
				CLANG_CXX_LANGUAGE_STANDARD = "gnu++14";
				CLANG_CXX_LIBRARY = "libc++";
				CLANG_ENABLE_MODULES = YES;
				CLANG_ENABLE_OBJC_ARC = YES;
				CLANG_ENABLE_OBJC_WEAK = YES;
				CLANG_WARN_BLOCK_CAPTURE_AUTORELEASING = YES;
				CLANG_WARN_BOOL_CONVERSION = YES;
				CLANG_WARN_COMMA = YES;
				CLANG_WARN_CONSTANT_CONVERSION = YES;
				CLANG_WARN_DEPRECATED_OBJC_IMPLEMENTATIONS = YES;
				CLANG_WARN_DIRECT_OBJC_ISA_USAGE = YES_ERROR;
				CLANG_WARN_DOCUMENTATION_COMMENTS = YES;
				CLANG_WARN_EMPTY_BODY = YES;
				CLANG_WARN_ENUM_CONVERSION = YES;
				CLANG_WARN_INFINITE_RECURSION = YES;
				CLANG_WARN_INT_CONVERSION = YES;
				CLANG_WARN_NON_LITERAL_NULL_CONVERSION = YES;
				CLANG_WARN_OBJC_IMPLICIT_RETAIN_SELF = YES;
				CLANG_WARN_OBJC_LITERAL_CONVERSION = YES;
				CLANG_WARN_OBJC_ROOT_CLASS = YES_ERROR;
				CLANG_WARN_RANGE_LOOP_ANALYSIS = YES;
				CLANG_WARN_STRICT_PROTOTYPES = YES;
				CLANG_WARN_SUSPICIOUS_MOVE = YES;
				CLANG_WARN_UNGUARDED_AVAILABILITY = YES_AGGRESSIVE;
				CLANG_WARN_UNREACHABLE_CODE = YES;
				CLANG_WARN__DUPLICATE_METHOD_MATCH = YES;
				CODE_SIGN_IDENTITY = "iPhone Developer";
				COPY_PHASE_STRIP = NO;
				DEBUG_INFORMATION_FORMAT = "dwarf-with-dsym";
				ENABLE_NS_ASSERTIONS = NO;
				ENABLE_STRICT_OBJC_MSGSEND = YES;
				GCC_C_LANGUAGE_STANDARD = gnu11;
				GCC_NO_COMMON_BLOCKS = YES;
				GCC_WARN_64_TO_32_BIT_CONVERSION = YES;
				GCC_WARN_ABOUT_RETURN_TYPE = YES_ERROR;
				GCC_WARN_UNDECLARED_SELECTOR = YES;
				GCC_WARN_UNINITIALIZED_AUTOS = YES_AGGRESSIVE;
				GCC_WARN_UNUSED_FUNCTION = YES;
				GCC_WARN_UNUSED_VARIABLE = YES;
				IPHONEOS_DEPLOYMENT_TARGET = 12.4;
				MTL_ENABLE_DEBUG_INFO = NO;
				MTL_FAST_MATH = YES;
				SDKROOT = iphoneos;
				SWIFT_COMPILATION_MODE = wholemodule;
				SWIFT_OPTIMIZATION_LEVEL = "-O";
				VALIDATE_PRODUCT = YES;
			};
			name = Release;
		};
		891016152330A2B5003C7734 /* Debug */ = {
			isa = XCBuildConfiguration;
			buildSettings = {
				ASSETCATALOG_COMPILER_APPICON_NAME = AppIcon;
				CODE_SIGN_STYLE = Automatic;
				DEVELOPMENT_TEAM = Y94DT2QL6A;
				INFOPLIST_FILE = reactiveJSON/Info.plist;
				LD_RUNPATH_SEARCH_PATHS = (
					"$(inherited)",
					"@executable_path/Frameworks",
				);
				PRODUCT_BUNDLE_IDENTIFIER = test.mytest.reactiveJSON;
				PRODUCT_NAME = "$(TARGET_NAME)";
				SWIFT_VERSION = 5.0;
				TARGETED_DEVICE_FAMILY = "1,2";
			};
			name = Debug;
		};
		891016162330A2B5003C7734 /* Release */ = {
			isa = XCBuildConfiguration;
			buildSettings = {
				ASSETCATALOG_COMPILER_APPICON_NAME = AppIcon;
				CODE_SIGN_STYLE = Automatic;
				DEVELOPMENT_TEAM = Y94DT2QL6A;
				INFOPLIST_FILE = reactiveJSON/Info.plist;
				LD_RUNPATH_SEARCH_PATHS = (
					"$(inherited)",
					"@executable_path/Frameworks",
				);
				PRODUCT_BUNDLE_IDENTIFIER = test.mytest.reactiveJSON;
				PRODUCT_NAME = "$(TARGET_NAME)";
				SWIFT_VERSION = 5.0;
				TARGETED_DEVICE_FAMILY = "1,2";
			};
			name = Release;
		};
/* End XCBuildConfiguration section */

/* Begin XCConfigurationList section */
		891015FD2330A2B4003C7734 /* Build configuration list for PBXProject "reactiveJSON" */ = {
			isa = XCConfigurationList;
			buildConfigurations = (
				891016122330A2B5003C7734 /* Debug */,
				891016132330A2B5003C7734 /* Release */,
			);
			defaultConfigurationIsVisible = 0;
			defaultConfigurationName = Release;
		};
		891016142330A2B5003C7734 /* Build configuration list for PBXNativeTarget "reactiveJSON" */ = {
			isa = XCConfigurationList;
			buildConfigurations = (
				891016152330A2B5003C7734 /* Debug */,
				891016162330A2B5003C7734 /* Release */,
			);
			defaultConfigurationIsVisible = 0;
			defaultConfigurationName = Release;
		};
/* End XCConfigurationList section */
	};
	rootObject = 891015FA2330A2B4003C7734 /* Project object */;
}
